
Microsoft Visual Studio Solution File, Format Version 12.00
# Visual Studio Version 16
VisualStudioVersion = 16.0.30709.132
MinimumVisualStudioVersion = 10.0.40219.1
Project("{FAE04EC0-301F-11D3-BF4B-00C04F79EFBC}") = "TrashCollector", "TrashCollector\TrashCollector.csproj", "{CFFEF127-CAF0-4A9F-B1C3-8EA25D101729}"
EndProject
Global
	GlobalSection(SolutionConfigurationPlatforms) = preSolution
		Debug|Any CPU = Debug|Any CPU
		Release|Any CPU = Release|Any CPU
	EndGlobalSection
	GlobalSection(ProjectConfigurationPlatforms) = postSolution
		{CFFEF127-CAF0-4A9F-B1C3-8EA25D101729}.Debug|Any CPU.ActiveCfg = Debug|Any CPU
		{CFFEF127-CAF0-4A9F-B1C3-8EA25D101729}.Debug|Any CPU.Build.0 = Debug|Any CPU
		{CFFEF127-CAF0-4A9F-B1C3-8EA25D101729}.Release|Any CPU.ActiveCfg = Release|Any CPU
		{CFFEF127-CAF0-4A9F-B1C3-8EA25D101729}.Release|Any CPU.Build.0 = Release|Any CPU
	EndGlobalSection
	GlobalSection(SolutionProperties) = preSolution
		HideSolutionNode = FALSE
	EndGlobalSection
	GlobalSection(ExtensibilityGlobals) = postSolution
		SolutionGuid = {9E20003B-13A9-4B9F-AADA-F90D46D6B3F1}
	EndGlobalSection
EndGlobal
